
Microsoft Visual Studio Solution File, Format Version 10.00
# Visual Studio 2008
Project("{FAE04EC0-301F-11D3-BF4B-00C04F79EFBC}") = "EU Updater", "EU Updater.csproj", "{6B98F118-E77C-4E3F-8D7C-EF07DEA34DD6}"
EndProject
Project("{FAE04EC0-301F-11D3-BF4B-00C04F79EFBC}") = "EU Installer", "..\EU Installer\EU Installer.csproj", "{BDDEF647-EEEB-4CA7-AE36-2A21EBFB8162}"
EndProject
Global
	GlobalSection(SolutionConfigurationPlatforms) = preSolution
		Debug|Any CPU = Debug|Any CPU
		Release|Any CPU = Release|Any CPU
	EndGlobalSection
	GlobalSection(ProjectConfigurationPlatforms) = postSolution
		{6B98F118-E77C-4E3F-8D7C-EF07DEA34DD6}.Debug|Any CPU.ActiveCfg = Debug|Any CPU
		{6B98F118-E77C-4E3F-8D7C-EF07DEA34DD6}.Debug|Any CPU.Build.0 = Debug|Any CPU
		{6B98F118-E77C-4E3F-8D7C-EF07DEA34DD6}.Release|Any CPU.ActiveCfg = Release|Any CPU
		{6B98F118-E77C-4E3F-8D7C-EF07DEA34DD6}.Release|Any CPU.Build.0 = Release|Any CPU
		{BDDEF647-EEEB-4CA7-AE36-2A21EBFB8162}.Debug|Any CPU.ActiveCfg = Debug|Any CPU
		{BDDEF647-EEEB-4CA7-AE36-2A21EBFB8162}.Debug|Any CPU.Build.0 = Debug|Any CPU
		{BDDEF647-EEEB-4CA7-AE36-2A21EBFB8162}.Release|Any CPU.ActiveCfg = Release|Any CPU
		{BDDEF647-EEEB-4CA7-AE36-2A21EBFB8162}.Release|Any CPU.Build.0 = Release|Any CPU
	EndGlobalSection
	GlobalSection(SolutionProperties) = preSolution
		HideSolutionNode = FALSE
	EndGlobalSection
EndGlobal
